// !$*UTF8*$!
{
	archiveVersion = 1;
	classes = {
	};
	objectVersion = 55;
	objects = {

/* Begin PBXBuildFile section */
		7696F738278D1A7B003DD6A6 /* AppDelegate.swift in Sources */ = {isa = PBXBuildFile; fileRef = 7696F737278D1A7B003DD6A6 /* AppDelegate.swift */; };
		7696F73A278D1A7B003DD6A6 /* SceneDelegate.swift in Sources */ = {isa = PBXBuildFile; fileRef = 7696F739278D1A7B003DD6A6 /* SceneDelegate.swift */; };
		7696F73C278D1A7B003DD6A6 /* ViewController.swift in Sources */ = {isa = PBXBuildFile; fileRef = 7696F73B278D1A7B003DD6A6 /* ViewController.swift */; };
		7696F73F278D1A7B003DD6A6 /* Main.storyboard in Resources */ = {isa = PBXBuildFile; fileRef = 7696F73D278D1A7B003DD6A6 /* Main.storyboard */; };
		7696F741278D1A7D003DD6A6 /* Assets.xcassets in Resources */ = {isa = PBXBuildFile; fileRef = 7696F740278D1A7D003DD6A6 /* Assets.xcassets */; };
		7696F744278D1A7D003DD6A6 /* LaunchScreen.storyboard in Resources */ = {isa = PBXBuildFile; fileRef = 7696F742278D1A7D003DD6A6 /* LaunchScreen.storyboard */; };
		7696F74F278D1A7D003DD6A6 /* ColorPlateTests.swift in Sources */ = {isa = PBXBuildFile; fileRef = 7696F74E278D1A7D003DD6A6 /* ColorPlateTests.swift */; };
		7696F759278D1A7D003DD6A6 /* ColorPlateUITests.swift in Sources */ = {isa = PBXBuildFile; fileRef = 7696F758278D1A7D003DD6A6 /* ColorPlateUITests.swift */; };
		7696F75B278D1A7D003DD6A6 /* ColorPlateUITestsLaunchTests.swift in Sources */ = {isa = PBXBuildFile; fileRef = 7696F75A278D1A7D003DD6A6 /* ColorPlateUITestsLaunchTests.swift */; };
		7696F768278D1AC9003DD6A6 /* ColorPlate.swift in Sources */ = {isa = PBXBuildFile; fileRef = 7696F767278D1AC8003DD6A6 /* ColorPlate.swift */; };
		7696F76A278D1D4C003DD6A6 /* UIColor-Extension.swift in Sources */ = {isa = PBXBuildFile; fileRef = 7696F769278D1D4C003DD6A6 /* UIColor-Extension.swift */; };
/* End PBXBuildFile section */

/* Begin PBXContainerItemProxy section */
		7696F74B278D1A7D003DD6A6 /* PBXContainerItemProxy */ = {
			isa = PBXContainerItemProxy;
			containerPortal = 7696F72C278D1A7B003DD6A6 /* Project object */;
			proxyType = 1;
			remoteGlobalIDString = 7696F733278D1A7B003DD6A6;
			remoteInfo = ColorPlate;
		};
		7696F755278D1A7D003DD6A6 /* PBXContainerItemProxy */ = {
			isa = PBXContainerItemProxy;
			containerPortal = 7696F72C278D1A7B003DD6A6 /* Project object */;
			proxyType = 1;
			remoteGlobalIDString = 7696F733278D1A7B003DD6A6;
			remoteInfo = ColorPlate;
		};
/* End PBXContainerItemProxy section */

/* Begin PBXFileReference section */
		7696F734278D1A7B003DD6A6 /* ColorPlate.app */ = {isa = PBXFileReference; explicitFileType = wrapper.application; includeInIndex = 0; path = ColorPlate.app; sourceTree = BUILT_PRODUCTS_DIR; };
		7696F737278D1A7B003DD6A6 /* AppDelegate.swift */ = {isa = PBXFileReference; lastKnownFileType = sourcecode.swift; path = AppDelegate.swift; sourceTree = "<group>"; };
		7696F739278D1A7B003DD6A6 /* SceneDelegate.swift */ = {isa = PBXFileReference; lastKnownFileType = sourcecode.swift; path = SceneDelegate.swift; sourceTree = "<group>"; };
		7696F73B278D1A7B003DD6A6 /* ViewController.swift */ = {isa = PBXFileReference; lastKnownFileType = sourcecode.swift; path = ViewController.swift; sourceTree = "<group>"; };
		7696F73E278D1A7B003DD6A6 /* Base */ = {isa = PBXFileReference; lastKnownFileType = file.storyboard; name = Base; path = Base.lproj/Main.storyboard; sourceTree = "<group>"; };
		7696F740278D1A7D003DD6A6 /* Assets.xcassets */ = {isa = PBXFileReference; lastKnownFileType = folder.assetcatalog; path = Assets.xcassets; sourceTree = "<group>"; };
		7696F743278D1A7D003DD6A6 /* Base */ = {isa = PBXFileReference; lastKnownFileType = file.storyboard; name = Base; path = Base.lproj/LaunchScreen.storyboard; sourceTree = "<group>"; };
		7696F745278D1A7D003DD6A6 /* Info.plist */ = {isa = PBXFileReference; lastKnownFileType = text.plist.xml; path = Info.plist; sourceTree = "<group>"; };
		7696F74A278D1A7D003DD6A6 /* ColorPlateTests.xctest */ = {isa = PBXFileReference; explicitFileType = wrapper.cfbundle; includeInIndex = 0; path = ColorPlateTests.xctest; sourceTree = BUILT_PRODUCTS_DIR; };
		7696F74E278D1A7D003DD6A6 /* ColorPlateTests.swift */ = {isa = PBXFileReference; lastKnownFileType = sourcecode.swift; path = ColorPlateTests.swift; sourceTree = "<group>"; };
		7696F754278D1A7D003DD6A6 /* ColorPlateUITests.xctest */ = {isa = PBXFileReference; explicitFileType = wrapper.cfbundle; includeInIndex = 0; path = ColorPlateUITests.xctest; sourceTree = BUILT_PRODUCTS_DIR; };
		7696F758278D1A7D003DD6A6 /* ColorPlateUITests.swift */ = {isa = PBXFileReference; lastKnownFileType = sourcecode.swift; path = ColorPlateUITests.swift; sourceTree = "<group>"; };
		7696F75A278D1A7D003DD6A6 /* ColorPlateUITestsLaunchTests.swift */ = {isa = PBXFileReference; lastKnownFileType = sourcecode.swift; path = ColorPlateUITestsLaunchTests.swift; sourceTree = "<group>"; };
		7696F767278D1AC8003DD6A6 /* ColorPlate.swift */ = {isa = PBXFileReference; fileEncoding = 4; lastKnownFileType = sourcecode.swift; path = ColorPlate.swift; sourceTree = "<group>"; };
		7696F769278D1D4C003DD6A6 /* UIColor-Extension.swift */ = {isa = PBXFileReference; fileEncoding = 4; lastKnownFileType = sourcecode.swift; path = "UIColor-Extension.swift"; sourceTree = "<group>"; };
/* End PBXFileReference section */

/* Begin PBXFrameworksBuildPhase section */
		7696F731278D1A7B003DD6A6 /* Frameworks */ = {
			isa = PBXFrameworksBuildPhase;
			buildActionMask = 2147483647;
			files = (
			);
			runOnlyForDeploymentPostprocessing = 0;
		};
		7696F747278D1A7D003DD6A6 /* Frameworks */ = {
			isa = PBXFrameworksBuildPhase;
			buildActionMask = 2147483647;
			files = (
			);
			runOnlyForDeploymentPostprocessing = 0;
		};
		7696F751278D1A7D003DD6A6 /* Frameworks */ = {
			isa = PBXFrameworksBuildPhase;
			buildActionMask = 2147483647;
			files = (
			);
			runOnlyForDeploymentPostprocessing = 0;
		};
/* End PBXFrameworksBuildPhase section */

/* Begin PBXGroup section */
		7696F72B278D1A7B003DD6A6 = {
			isa = PBXGroup;
			children = (
				7696F736278D1A7B003DD6A6 /* ColorPlate */,
				7696F74D278D1A7D003DD6A6 /* ColorPlateTests */,
				7696F757278D1A7D003DD6A6 /* ColorPlateUITests */,
				7696F735278D1A7B003DD6A6 /* Products */,
			);
			sourceTree = "<group>";
		};
		7696F735278D1A7B003DD6A6 /* Products */ = {
			isa = PBXGroup;
			children = (
				7696F734278D1A7B003DD6A6 /* ColorPlate.app */,
				7696F74A278D1A7D003DD6A6 /* ColorPlateTests.xctest */,
				7696F754278D1A7D003DD6A6 /* ColorPlateUITests.xctest */,
			);
			name = Products;
			sourceTree = "<group>";
		};
		7696F736278D1A7B003DD6A6 /* ColorPlate */ = {
			isa = PBXGroup;
			children = (
				7696F737278D1A7B003DD6A6 /* AppDelegate.swift */,
				7696F739278D1A7B003DD6A6 /* SceneDelegate.swift */,
				7696F73B278D1A7B003DD6A6 /* ViewController.swift */,
				7696F767278D1AC8003DD6A6 /* ColorPlate.swift */,
				7696F769278D1D4C003DD6A6 /* UIColor-Extension.swift */,
				7696F73D278D1A7B003DD6A6 /* Main.storyboard */,
				7696F740278D1A7D003DD6A6 /* Assets.xcassets */,
				7696F742278D1A7D003DD6A6 /* LaunchScreen.storyboard */,
				7696F745278D1A7D003DD6A6 /* Info.plist */,
			);
			path = ColorPlate;
			sourceTree = "<group>";
		};
		7696F74D278D1A7D003DD6A6 /* ColorPlateTests */ = {
			isa = PBXGroup;
			children = (
				7696F74E278D1A7D003DD6A6 /* ColorPlateTests.swift */,
			);
			path = ColorPlateTests;
			sourceTree = "<group>";
		};
		7696F757278D1A7D003DD6A6 /* ColorPlateUITests */ = {
			isa = PBXGroup;
			children = (
				7696F758278D1A7D003DD6A6 /* ColorPlateUITests.swift */,
				7696F75A278D1A7D003DD6A6 /* ColorPlateUITestsLaunchTests.swift */,
			);
			path = ColorPlateUITests;
			sourceTree = "<group>";
		};
/* End PBXGroup section */

/* Begin PBXNativeTarget section */
		7696F733278D1A7B003DD6A6 /* ColorPlate */ = {
			isa = PBXNativeTarget;
			buildConfigurationList = 7696F75E278D1A7D003DD6A6 /* Build configuration list for PBXNativeTarget "ColorPlate" */;
			buildPhases = (
				7696F730278D1A7B003DD6A6 /* Sources */,
				7696F731278D1A7B003DD6A6 /* Frameworks */,
				7696F732278D1A7B003DD6A6 /* Resources */,
			);
			buildRules = (
			);
			dependencies = (
			);
			name = ColorPlate;
			productName = ColorPlate;
			productReference = 7696F734278D1A7B003DD6A6 /* ColorPlate.app */;
			productType = "com.apple.product-type.application";
		};
		7696F749278D1A7D003DD6A6 /* ColorPlateTests */ = {
			isa = PBXNativeTarget;
			buildConfigurationList = 7696F761278D1A7D003DD6A6 /* Build configuration list for PBXNativeTarget "ColorPlateTests" */;
			buildPhases = (
				7696F746278D1A7D003DD6A6 /* Sources */,
				7696F747278D1A7D003DD6A6 /* Frameworks */,
				7696F748278D1A7D003DD6A6 /* Resources */,
			);
			buildRules = (
			);
			dependencies = (
				7696F74C278D1A7D003DD6A6 /* PBXTargetDependency */,
			);
			name = ColorPlateTests;
			productName = ColorPlateTests;
			productReference = 7696F74A278D1A7D003DD6A6 /* ColorPlateTests.xctest */;
			productType = "com.apple.product-type.bundle.unit-test";
		};
		7696F753278D1A7D003DD6A6 /* ColorPlateUITests */ = {
			isa = PBXNativeTarget;
			buildConfigurationList = 7696F764278D1A7D003DD6A6 /* Build configuration list for PBXNativeTarget "ColorPlateUITests" */;
			buildPhases = (
				7696F750278D1A7D003DD6A6 /* Sources */,
				7696F751278D1A7D003DD6A6 /* Frameworks */,
				7696F752278D1A7D003DD6A6 /* Resources */,
			);
			buildRules = (
			);
			dependencies = (
				7696F756278D1A7D003DD6A6 /* PBXTargetDependency */,
			);
			name = ColorPlateUITests;
			productName = ColorPlateUITests;
			productReference = 7696F754278D1A7D003DD6A6 /* ColorPlateUITests.xctest */;
			productType = "com.apple.product-type.bundle.ui-testing";
		};
/* End PBXNativeTarget section */

/* Begin PBXProject section */
		7696F72C278D1A7B003DD6A6 /* Project object */ = {
			isa = PBXProject;
			attributes = {
				BuildIndependentTargetsInParallel = 1;
				LastSwiftUpdateCheck = 1320;
				LastUpgradeCheck = 1320;
				TargetAttributes = {
					7696F733278D1A7B003DD6A6 = {
						CreatedOnToolsVersion = 13.2.1;
					};
					7696F749278D1A7D003DD6A6 = {
						CreatedOnToolsVersion = 13.2.1;
						TestTargetID = 7696F733278D1A7B003DD6A6;
					};
					7696F753278D1A7D003DD6A6 = {
						CreatedOnToolsVersion = 13.2.1;
						TestTargetID = 7696F733278D1A7B003DD6A6;
					};
				};
			};
			buildConfigurationList = 7696F72F278D1A7B003DD6A6 /* Build configuration list for PBXProject "ColorPlate" */;
			compatibilityVersion = "Xcode 13.0";
			developmentRegion = en;
			hasScannedForEncodings = 0;
			knownRegions = (
				en,
				Base,
			);
			mainGroup = 7696F72B278D1A7B003DD6A6;
			productRefGroup = 7696F735278D1A7B003DD6A6 /* Products */;
			projectDirPath = "";
			projectRoot = "";
			targets = (
				7696F733278D1A7B003DD6A6 /* ColorPlate */,
				7696F749278D1A7D003DD6A6 /* ColorPlateTests */,
				7696F753278D1A7D003DD6A6 /* ColorPlateUITests */,
			);
		};
/* End PBXProject section */

/* Begin PBXResourcesBuildPhase section */
		7696F732278D1A7B003DD6A6 /* Resources */ = {
			isa = PBXResourcesBuildPhase;
			buildActionMask = 2147483647;
			files = (
				7696F744278D1A7D003DD6A6 /* LaunchScreen.storyboard in Resources */,
				7696F741278D1A7D003DD6A6 /* Assets.xcassets in Resources */,
				7696F73F278D1A7B003DD6A6 /* Main.storyboard in Resources */,
			);
			runOnlyForDeploymentPostprocessing = 0;
		};
		7696F748278D1A7D003DD6A6 /* Resources */ = {
			isa = PBXResourcesBuildPhase;
			buildActionMask = 2147483647;
			files = (
			);
			runOnlyForDeploymentPostprocessing = 0;
		};
		7696F752278D1A7D003DD6A6 /* Resources */ = {
			isa = PBXResourcesBuildPhase;
			buildActionMask = 2147483647;
			files = (
			);
			runOnlyForDeploymentPostprocessing = 0;
		};
/* End PBXResourcesBuildPhase section */

/* Begin PBXSourcesBuildPhase section */
		7696F730278D1A7B003DD6A6 /* Sources */ = {
			isa = PBXSourcesBuildPhase;
			buildActionMask = 2147483647;
			files = (
				7696F768278D1AC9003DD6A6 /* ColorPlate.swift in Sources */,
				7696F76A278D1D4C003DD6A6 /* UIColor-Extension.swift in Sources */,
				7696F73C278D1A7B003DD6A6 /* ViewController.swift in Sources */,
				7696F738278D1A7B003DD6A6 /* AppDelegate.swift in Sources */,
				7696F73A278D1A7B003DD6A6 /* SceneDelegate.swift in Sources */,
			);
			runOnlyForDeploymentPostprocessing = 0;
		};
		7696F746278D1A7D003DD6A6 /* Sources */ = {
			isa = PBXSourcesBuildPhase;
			buildActionMask = 2147483647;
			files = (
				7696F74F278D1A7D003DD6A6 /* ColorPlateTests.swift in Sources */,
			);
			runOnlyForDeploymentPostprocessing = 0;
		};
		7696F750278D1A7D003DD6A6 /* Sources */ = {
			isa = PBXSourcesBuildPhase;
			buildActionMask = 2147483647;
			files = (
				7696F759278D1A7D003DD6A6 /* ColorPlateUITests.swift in Sources */,
				7696F75B278D1A7D003DD6A6 /* ColorPlateUITestsLaunchTests.swift in Sources */,
			);
			runOnlyForDeploymentPostprocessing = 0;
		};
/* End PBXSourcesBuildPhase section */

/* Begin PBXTargetDependency section */
		7696F74C278D1A7D003DD6A6 /* PBXTargetDependency */ = {
			isa = PBXTargetDependency;
			target = 7696F733278D1A7B003DD6A6 /* ColorPlate */;
			targetProxy = 7696F74B278D1A7D003DD6A6 /* PBXContainerItemProxy */;
		};
		7696F756278D1A7D003DD6A6 /* PBXTargetDependency */ = {
			isa = PBXTargetDependency;
			target = 7696F733278D1A7B003DD6A6 /* ColorPlate */;
			targetProxy = 7696F755278D1A7D003DD6A6 /* PBXContainerItemProxy */;
		};
/* End PBXTargetDependency section */

/* Begin PBXVariantGroup section */
		7696F73D278D1A7B003DD6A6 /* Main.storyboard */ = {
			isa = PBXVariantGroup;
			children = (
				7696F73E278D1A7B003DD6A6 /* Base */,
			);
			name = Main.storyboard;
			sourceTree = "<group>";
		};
		7696F742278D1A7D003DD6A6 /* LaunchScreen.storyboard */ = {
			isa = PBXVariantGroup;
			children = (
				7696F743278D1A7D003DD6A6 /* Base */,
			);
			name = LaunchScreen.storyboard;
			sourceTree = "<group>";
		};
/* End PBXVariantGroup section */

/* Begin XCBuildConfiguration section */
		7696F75C278D1A7D003DD6A6 /* Debug */ = {
			isa = XCBuildConfiguration;
			buildSettings = {
				ALWAYS_SEARCH_USER_PATHS = NO;
				CLANG_ANALYZER_NONNULL = YES;
				CLANG_ANALYZER_NUMBER_OBJECT_CONVERSION = YES_AGGRESSIVE;
				CLANG_CXX_LANGUAGE_STANDARD = "gnu++17";
				CLANG_CXX_LIBRARY = "libc++";
				CLANG_ENABLE_MODULES = YES;
				CLANG_ENABLE_OBJC_ARC = YES;
				CLANG_ENABLE_OBJC_WEAK = YES;
				CLANG_WARN_BLOCK_CAPTURE_AUTORELEASING = YES;
				CLANG_WARN_BOOL_CONVERSION = YES;
				CLANG_WARN_COMMA = YES;
				CLANG_WARN_CONSTANT_CONVERSION = YES;
				CLANG_WARN_DEPRECATED_OBJC_IMPLEMENTATIONS = YES;
				CLANG_WARN_DIRECT_OBJC_ISA_USAGE = YES_ERROR;
				CLANG_WARN_DOCUMENTATION_COMMENTS = YES;
				CLANG_WARN_EMPTY_BODY = YES;
				CLANG_WARN_ENUM_CONVERSION = YES;
				CLANG_WARN_INFINITE_RECURSION = YES;
				CLANG_WARN_INT_CONVERSION = YES;
				CLANG_WARN_NON_LITERAL_NULL_CONVERSION = YES;
				CLANG_WARN_OBJC_IMPLICIT_RETAIN_SELF = YES;
				CLANG_WARN_OBJC_LITERAL_CONVERSION = YES;
				CLANG_WARN_OBJC_ROOT_CLASS = YES_ERROR;
				CLANG_WARN_QUOTED_INCLUDE_IN_FRAMEWORK_HEADER = YES;
				CLANG_WARN_RANGE_LOOP_ANALYSIS = YES;
				CLANG_WARN_STRICT_PROTOTYPES = YES;
				CLANG_WARN_SUSPICIOUS_MOVE = YES;
				CLANG_WARN_UNGUARDED_AVAILABILITY = YES_AGGRESSIVE;
				CLANG_WARN_UNREACHABLE_CODE = YES;
				CLANG_WARN__DUPLICATE_METHOD_MATCH = YES;
				COPY_PHASE_STRIP = NO;
				DEBUG_INFORMATION_FORMAT = dwarf;
				ENABLE_STRICT_OBJC_MSGSEND = YES;
				ENABLE_TESTABILITY = YES;
				GCC_C_LANGUAGE_STANDARD = gnu11;
				GCC_DYNAMIC_NO_PIC = NO;
				GCC_NO_COMMON_BLOCKS = YES;
				GCC_OPTIMIZATION_LEVEL = 0;
				GCC_PREPROCESSOR_DEFINITIONS = (
					"DEBUG=1",
					"$(inherited)",
				);
				GCC_WARN_64_TO_32_BIT_CONVERSION = YES;
				GCC_WARN_ABOUT_RETURN_TYPE = YES_ERROR;
				GCC_WARN_UNDECLARED_SELECTOR = YES;
				GCC_WARN_UNINITIALIZED_AUTOS = YES_AGGRESSIVE;
				GCC_WARN_UNUSED_FUNCTION = YES;
				GCC_WARN_UNUSED_VARIABLE = YES;
				IPHONEOS_DEPLOYMENT_TARGET = 15.2;
				MTL_ENABLE_DEBUG_INFO = INCLUDE_SOURCE;
				MTL_FAST_MATH = YES;
				ONLY_ACTIVE_ARCH = YES;
				SDKROOT = iphoneos;
				SWIFT_ACTIVE_COMPILATION_CONDITIONS = DEBUG;
				SWIFT_OPTIMIZATION_LEVEL = "-Onone";
			};
			name = Debug;
		};
		7696F75D278D1A7D003DD6A6 /* Release */ = {
			isa = XCBuildConfiguration;
			buildSettings = {
				ALWAYS_SEARCH_USER_PATHS = NO;
				CLANG_ANALYZER_NONNULL = YES;
				CLANG_ANALYZER_NUMBER_OBJECT_CONVERSION = YES_AGGRESSIVE;
				CLANG_CXX_LANGUAGE_STANDARD = "gnu++17";
				CLANG_CXX_LIBRARY = "libc++";
				CLANG_ENABLE_MODULES = YES;
				CLANG_ENABLE_OBJC_ARC = YES;
				CLANG_ENABLE_OBJC_WEAK = YES;
				CLANG_WARN_BLOCK_CAPTURE_AUTORELEASING = YES;
				CLANG_WARN_BOOL_CONVERSION = YES;
				CLANG_WARN_COMMA = YES;
				CLANG_WARN_CONSTANT_CONVERSION = YES;
				CLANG_WARN_DEPRECATED_OBJC_IMPLEMENTATIONS = YES;
				CLANG_WARN_DIRECT_OBJC_ISA_USAGE = YES_ERROR;
				CLANG_WARN_DOCUMENTATION_COMMENTS = YES;
				CLANG_WARN_EMPTY_BODY = YES;
				CLANG_WARN_ENUM_CONVERSION = YES;
				CLANG_WARN_INFINITE_RECURSION = YES;
				CLANG_WARN_INT_CONVERSION = YES;
				CLANG_WARN_NON_LITERAL_NULL_CONVERSION = YES;
				CLANG_WARN_OBJC_IMPLICIT_RETAIN_SELF = YES;
				CLANG_WARN_OBJC_LITERAL_CONVERSION = YES;
				CLANG_WARN_OBJC_ROOT_CLASS = YES_ERROR;
				CLANG_WARN_QUOTED_INCLUDE_IN_FRAMEWORK_HEADER = YES;
				CLANG_WARN_RANGE_LOOP_ANALYSIS = YES;
				CLANG_WARN_STRICT_PROTOTYPES = YES;
				CLANG_WARN_SUSPICIOUS_MOVE = YES;
				CLANG_WARN_UNGUARDED_AVAILABILITY = YES_AGGRESSIVE;
				CLANG_WARN_UNREACHABLE_CODE = YES;
				CLANG_WARN__DUPLICATE_METHOD_MATCH = YES;
				COPY_PHASE_STRIP = NO;
				DEBUG_INFORMATION_FORMAT = "dwarf-with-dsym";
				ENABLE_NS_ASSERTIONS = NO;
				ENABLE_STRICT_OBJC_MSGSEND = YES;
				GCC_C_LANGUAGE_STANDARD = gnu11;
				GCC_NO_COMMON_BLOCKS = YES;
				GCC_WARN_64_TO_32_BIT_CONVERSION = YES;
				GCC_WARN_ABOUT_RETURN_TYPE = YES_ERROR;
				GCC_WARN_UNDECLARED_SELECTOR = YES;
				GCC_WARN_UNINITIALIZED_AUTOS = YES_AGGRESSIVE;
				GCC_WARN_UNUSED_FUNCTION = YES;
				GCC_WARN_UNUSED_VARIABLE = YES;
				IPHONEOS_DEPLOYMENT_TARGET = 15.2;
				MTL_ENABLE_DEBUG_INFO = NO;
				MTL_FAST_MATH = YES;
				SDKROOT = iphoneos;
				SWIFT_COMPILATION_MODE = wholemodule;
				SWIFT_OPTIMIZATION_LEVEL = "-O";
				VALIDATE_PRODUCT = YES;
			};
			name = Release;
		};
		7696F75F278D1A7D003DD6A6 /* Debug */ = {
			isa = XCBuildConfiguration;
			buildSettings = {
				ASSETCATALOG_COMPILER_APPICON_NAME = AppIcon;
				ASSETCATALOG_COMPILER_GLOBAL_ACCENT_COLOR_NAME = AccentColor;
				CODE_SIGN_STYLE = Automatic;
				CURRENT_PROJECT_VERSION = 1;
				DEVELOPMENT_TEAM = 4RTJ4EAMCP;
				GENERATE_INFOPLIST_FILE = YES;
				INFOPLIST_FILE = ColorPlate/Info.plist;
				INFOPLIST_KEY_UIApplicationSupportsIndirectInputEvents = YES;
				INFOPLIST_KEY_UILaunchStoryboardName = LaunchScreen;
				INFOPLIST_KEY_UIMainStoryboardFile = Main;
				INFOPLIST_KEY_UISupportedInterfaceOrientations_iPad = "UIInterfaceOrientationPortrait UIInterfaceOrientationPortraitUpsideDown UIInterfaceOrientationLandscapeLeft UIInterfaceOrientationLandscapeRight";
				INFOPLIST_KEY_UISupportedInterfaceOrientations_iPhone = "UIInterfaceOrientationPortrait UIInterfaceOrientationLandscapeLeft UIInterfaceOrientationLandscapeRight";
				LD_RUNPATH_SEARCH_PATHS = (
					"$(inherited)",
					"@executable_path/Frameworks",
				);
				MARKETING_VERSION = 1.0;
				PRODUCT_BUNDLE_IDENTIFIER = com.hbddz.com.ColorPlate;
				PRODUCT_NAME = "$(TARGET_NAME)";
				SWIFT_EMIT_LOC_STRINGS = YES;
				SWIFT_VERSION = 5.0;
				TARGETED_DEVICE_FAMILY = "1,2";
			};
			name = Debug;
		};
		7696F760278D1A7D003DD6A6 /* Release */ = {
			isa = XCBuildConfiguration;
			buildSettings = {
				ASSETCATALOG_COMPILER_APPICON_NAME = AppIcon;
				ASSETCATALOG_COMPILER_GLOBAL_ACCENT_COLOR_NAME = AccentColor;
				CODE_SIGN_STYLE = Automatic;
				CURRENT_PROJECT_VERSION = 1;
				DEVELOPMENT_TEAM = 4RTJ4EAMCP;
				GENERATE_INFOPLIST_FILE = YES;
				INFOPLIST_FILE = ColorPlate/Info.plist;
				INFOPLIST_KEY_UIApplicationSupportsIndirectInputEvents = YES;
				INFOPLIST_KEY_UILaunchStoryboardName = LaunchScreen;
				INFOPLIST_KEY_UIMainStoryboardFile = Main;
				INFOPLIST_KEY_UISupportedInterfaceOrientations_iPad = "UIInterfaceOrientationPortrait UIInterfaceOrientationPortraitUpsideDown UIInterfaceOrientationLandscapeLeft UIInterfaceOrientationLandscapeRight";
				INFOPLIST_KEY_UISupportedInterfaceOrientations_iPhone = "UIInterfaceOrientationPortrait UIInterfaceOrientationLandscapeLeft UIInterfaceOrientationLandscapeRight";
				LD_RUNPATH_SEARCH_PATHS = (
					"$(inherited)",
					"@executable_path/Frameworks",
				);
				MARKETING_VERSION = 1.0;
				PRODUCT_BUNDLE_IDENTIFIER = com.hbddz.com.ColorPlate;
				PRODUCT_NAME = "$(TARGET_NAME)";
				SWIFT_EMIT_LOC_STRINGS = YES;
				SWIFT_VERSION = 5.0;
				TARGETED_DEVICE_FAMILY = "1,2";
			};
			name = Release;
		};
		7696F762278D1A7D003DD6A6 /* Debug */ = {
			isa = XCBuildConfiguration;
			buildSettings = {
				ALWAYS_EMBED_SWIFT_STANDARD_LIBRARIES = YES;
				BUNDLE_LOADER = "$(TEST_HOST)";
				CODE_SIGN_STYLE = Automatic;
				CURRENT_PROJECT_VERSION = 1;
				DEVELOPMENT_TEAM = 4RTJ4EAMCP;
				GENERATE_INFOPLIST_FILE = YES;
				IPHONEOS_DEPLOYMENT_TARGET = 15.2;
				MARKETING_VERSION = 1.0;
				PRODUCT_BUNDLE_IDENTIFIER = com.hbddz.com.ColorPlateTests;
				PRODUCT_NAME = "$(TARGET_NAME)";
				SWIFT_EMIT_LOC_STRINGS = NO;
				SWIFT_VERSION = 5.0;
				TARGETED_DEVICE_FAMILY = "1,2";
				TEST_HOST = "$(BUILT_PRODUCTS_DIR)/ColorPlate.app/ColorPlate";
			};
			name = Debug;
		};
		7696F763278D1A7D003DD6A6 /* Release */ = {
			isa = XCBuildConfiguration;
			buildSettings = {
				ALWAYS_EMBED_SWIFT_STANDARD_LIBRARIES = YES;
				BUNDLE_LOADER = "$(TEST_HOST)";
				CODE_SIGN_STYLE = Automatic;
				CURRENT_PROJECT_VERSION = 1;
				DEVELOPMENT_TEAM = 4RTJ4EAMCP;
				GENERATE_INFOPLIST_FILE = YES;
				IPHONEOS_DEPLOYMENT_TARGET = 15.2;
				MARKETING_VERSION = 1.0;
				PRODUCT_BUNDLE_IDENTIFIER = com.hbddz.com.ColorPlateTests;
				PRODUCT_NAME = "$(TARGET_NAME)";
				SWIFT_EMIT_LOC_STRINGS = NO;
				SWIFT_VERSION = 5.0;
				TARGETED_DEVICE_FAMILY = "1,2";
				TEST_HOST = "$(BUILT_PRODUCTS_DIR)/ColorPlate.app/ColorPlate";
			};
			name = Release;
		};
		7696F765278D1A7D003DD6A6 /* Debug */ = {
			isa = XCBuildConfiguration;
			buildSettings = {
				ALWAYS_EMBED_SWIFT_STANDARD_LIBRARIES = YES;
				CODE_SIGN_STYLE = Automatic;
				CURRENT_PROJECT_VERSION = 1;
				DEVELOPMENT_TEAM = 4RTJ4EAMCP;
				GENERATE_INFOPLIST_FILE = YES;
				MARKETING_VERSION = 1.0;
				PRODUCT_BUNDLE_IDENTIFIER = com.hbddz.com.ColorPlateUITests;
				PRODUCT_NAME = "$(TARGET_NAME)";
				SWIFT_EMIT_LOC_STRINGS = NO;
				SWIFT_VERSION = 5.0;
				TARGETED_DEVICE_FAMILY = "1,2";
				TEST_TARGET_NAME = ColorPlate;
			};
			name = Debug;
		};
		7696F766278D1A7D003DD6A6 /* Release */ = {
			isa = XCBuildConfiguration;
			buildSettings = {
				ALWAYS_EMBED_SWIFT_STANDARD_LIBRARIES = YES;
				CODE_SIGN_STYLE = Automatic;
				CURRENT_PROJECT_VERSION = 1;
				DEVELOPMENT_TEAM = 4RTJ4EAMCP;
				GENERATE_INFOPLIST_FILE = YES;
				MARKETING_VERSION = 1.0;
				PRODUCT_BUNDLE_IDENTIFIER = com.hbddz.com.ColorPlateUITests;
				PRODUCT_NAME = "$(TARGET_NAME)";
				SWIFT_EMIT_LOC_STRINGS = NO;
				SWIFT_VERSION = 5.0;
				TARGETED_DEVICE_FAMILY = "1,2";
				TEST_TARGET_NAME = ColorPlate;
			};
			name = Release;
		};
/* End XCBuildConfiguration section */

/* Begin XCConfigurationList section */
		7696F72F278D1A7B003DD6A6 /* Build configuration list for PBXProject "ColorPlate" */ = {
			isa = XCConfigurationList;
			buildConfigurations = (
				7696F75C278D1A7D003DD6A6 /* Debug */,
				7696F75D278D1A7D003DD6A6 /* Release */,
			);
			defaultConfigurationIsVisible = 0;
			defaultConfigurationName = Release;
		};
		7696F75E278D1A7D003DD6A6 /* Build configuration list for PBXNativeTarget "ColorPlate" */ = {
			isa = XCConfigurationList;
			buildConfigurations = (
				7696F75F278D1A7D003DD6A6 /* Debug */,
				7696F760278D1A7D003DD6A6 /* Release */,
			);
			defaultConfigurationIsVisible = 0;
			defaultConfigurationName = Release;
		};
		7696F761278D1A7D003DD6A6 /* Build configuration list for PBXNativeTarget "ColorPlateTests" */ = {
			isa = XCConfigurationList;
			buildConfigurations = (
				7696F762278D1A7D003DD6A6 /* Debug */,
				7696F763278D1A7D003DD6A6 /* Release */,
			);
			defaultConfigurationIsVisible = 0;
			defaultConfigurationName = Release;
		};
		7696F764278D1A7D003DD6A6 /* Build configuration list for PBXNativeTarget "ColorPlateUITests" */ = {
			isa = XCConfigurationList;
			buildConfigurations = (
				7696F765278D1A7D003DD6A6 /* Debug */,
				7696F766278D1A7D003DD6A6 /* Release */,
			);
			defaultConfigurationIsVisible = 0;
			defaultConfigurationName = Release;
		};
/* End XCConfigurationList section */
	};
	rootObject = 7696F72C278D1A7B003DD6A6 /* Project object */;
}
